// !$*UTF8*$!
{
	archiveVersion = 1;
	classes = {
	};
	objectVersion = 50;
	objects = {

/* Begin PBXBuildFile section */
		A965B0D624AE0A9500D1FDEF /* AppDelegate.swift in Sources */ = {isa = PBXBuildFile; fileRef = A965B0D524AE0A9500D1FDEF /* AppDelegate.swift */; };
		A965B0D824AE0A9500D1FDEF /* SceneDelegate.swift in Sources */ = {isa = PBXBuildFile; fileRef = A965B0D724AE0A9500D1FDEF /* SceneDelegate.swift */; };
		A965B0DA24AE0A9500D1FDEF /* ViewController.swift in Sources */ = {isa = PBXBuildFile; fileRef = A965B0D924AE0A9500D1FDEF /* ViewController.swift */; };
		A965B0DD24AE0A9500D1FDEF /* Main.storyboard in Resources */ = {isa = PBXBuildFile; fileRef = A965B0DB24AE0A9500D1FDEF /* Main.storyboard */; };
		A965B0DF24AE0A9900D1FDEF /* Assets.xcassets in Resources */ = {isa = PBXBuildFile; fileRef = A965B0DE24AE0A9900D1FDEF /* Assets.xcassets */; };
		A965B0E224AE0A9900D1FDEF /* LaunchScreen.storyboard in Resources */ = {isa = PBXBuildFile; fileRef = A965B0E024AE0A9900D1FDEF /* LaunchScreen.storyboard */; };
/* End PBXBuildFile section */

/* Begin PBXFileReference section */
		A965B0D224AE0A9500D1FDEF /* AlramClock.app */ = {isa = PBXFileReference; explicitFileType = wrapper.application; includeInIndex = 0; path = AlramClock.app; sourceTree = BUILT_PRODUCTS_DIR; };
		A965B0D524AE0A9500D1FDEF /* AppDelegate.swift */ = {isa = PBXFileReference; lastKnownFileType = sourcecode.swift; path = AppDelegate.swift; sourceTree = "<group>"; };
		A965B0D724AE0A9500D1FDEF /* SceneDelegate.swift */ = {isa = PBXFileReference; lastKnownFileType = sourcecode.swift; path = SceneDelegate.swift; sourceTree = "<group>"; };
		A965B0D924AE0A9500D1FDEF /* ViewController.swift */ = {isa = PBXFileReference; lastKnownFileType = sourcecode.swift; path = ViewController.swift; sourceTree = "<group>"; };
		A965B0DC24AE0A9500D1FDEF /* Base */ = {isa = PBXFileReference; lastKnownFileType = file.storyboard; name = Base; path = Base.lproj/Main.storyboard; sourceTree = "<group>"; };
		A965B0DE24AE0A9900D1FDEF /* Assets.xcassets */ = {isa = PBXFileReference; lastKnownFileType = folder.assetcatalog; path = Assets.xcassets; sourceTree = "<group>"; };
		A965B0E124AE0A9900D1FDEF /* Base */ = {isa = PBXFileReference; lastKnownFileType = file.storyboard; name = Base; path = Base.lproj/LaunchScreen.storyboard; sourceTree = "<group>"; };
		A965B0E324AE0A9900D1FDEF /* Info.plist */ = {isa = PBXFileReference; lastKnownFileType = text.plist.xml; path = Info.plist; sourceTree = "<group>"; };
/* End PBXFileReference section */

/* Begin PBXFrameworksBuildPhase section */
		A965B0CF24AE0A9500D1FDEF /* Frameworks */ = {
			isa = PBXFrameworksBuildPhase;
			buildActionMask = 2147483647;
			files = (
			);
			runOnlyForDeploymentPostprocessing = 0;
		};
/* End PBXFrameworksBuildPhase section */

/* Begin PBXGroup section */
		A965B0C924AE0A9500D1FDEF = {
			isa = PBXGroup;
			children = (
				A965B0D424AE0A9500D1FDEF /* AlramClock */,
				A965B0D324AE0A9500D1FDEF /* Products */,
			);
			sourceTree = "<group>";
		};
		A965B0D324AE0A9500D1FDEF /* Products */ = {
			isa = PBXGroup;
			children = (
				A965B0D224AE0A9500D1FDEF /* AlramClock.app */,
			);
			name = Products;
			sourceTree = "<group>";
		};
		A965B0D424AE0A9500D1FDEF /* AlramClock */ = {
			isa = PBXGroup;
			children = (
				A965B0D524AE0A9500D1FDEF /* AppDelegate.swift */,
				A965B0D724AE0A9500D1FDEF /* SceneDelegate.swift */,
				A965B0D924AE0A9500D1FDEF /* ViewController.swift */,
				A965B0DB24AE0A9500D1FDEF /* Main.storyboard */,
				A965B0DE24AE0A9900D1FDEF /* Assets.xcassets */,
				A965B0E024AE0A9900D1FDEF /* LaunchScreen.storyboard */,
				A965B0E324AE0A9900D1FDEF /* Info.plist */,
			);
			path = AlramClock;
			sourceTree = "<group>";
		};
/* End PBXGroup section */

/* Begin PBXNativeTarget section */
		A965B0D124AE0A9500D1FDEF /* AlramClock */ = {
			isa = PBXNativeTarget;
			buildConfigurationList = A965B0E624AE0A9900D1FDEF /* Build configuration list for PBXNativeTarget "AlramClock" */;
			buildPhases = (
				A965B0CE24AE0A9500D1FDEF /* Sources */,
				A965B0CF24AE0A9500D1FDEF /* Frameworks */,
				A965B0D024AE0A9500D1FDEF /* Resources */,
			);
			buildRules = (
			);
			dependencies = (
			);
			name = AlramClock;
			productName = AlramClock;
			productReference = A965B0D224AE0A9500D1FDEF /* AlramClock.app */;
			productType = "com.apple.product-type.application";
		};
/* End PBXNativeTarget section */

/* Begin PBXProject section */
		A965B0CA24AE0A9500D1FDEF /* Project object */ = {
			isa = PBXProject;
			attributes = {
				LastSwiftUpdateCheck = 1150;
				LastUpgradeCheck = 1150;
				ORGANIZATIONNAME = "Siyun Min";
				TargetAttributes = {
					A965B0D124AE0A9500D1FDEF = {
						CreatedOnToolsVersion = 11.5;
					};
				};
			};
			buildConfigurationList = A965B0CD24AE0A9500D1FDEF /* Build configuration list for PBXProject "AlramClock" */;
			compatibilityVersion = "Xcode 9.3";
			developmentRegion = en;
			hasScannedForEncodings = 0;
			knownRegions = (
				en,
				Base,
			);
			mainGroup = A965B0C924AE0A9500D1FDEF;
			productRefGroup = A965B0D324AE0A9500D1FDEF /* Products */;
			projectDirPath = "";
			projectRoot = "";
			targets = (
				A965B0D124AE0A9500D1FDEF /* AlramClock */,
			);
		};
/* End PBXProject section */

/* Begin PBXResourcesBuildPhase section */
		A965B0D024AE0A9500D1FDEF /* Resources */ = {
			isa = PBXResourcesBuildPhase;
			buildActionMask = 2147483647;
			files = (
				A965B0E224AE0A9900D1FDEF /* LaunchScreen.storyboard in Resources */,
				A965B0DF24AE0A9900D1FDEF /* Assets.xcassets in Resources */,
				A965B0DD24AE0A9500D1FDEF /* Main.storyboard in Resources */,
			);
			runOnlyForDeploymentPostprocessing = 0;
		};
/* End PBXResourcesBuildPhase section */

/* Begin PBXSourcesBuildPhase section */
		A965B0CE24AE0A9500D1FDEF /* Sources */ = {
			isa = PBXSourcesBuildPhase;
			buildActionMask = 2147483647;
			files = (
				A965B0DA24AE0A9500D1FDEF /* ViewController.swift in Sources */,
				A965B0D624AE0A9500D1FDEF /* AppDelegate.swift in Sources */,
				A965B0D824AE0A9500D1FDEF /* SceneDelegate.swift in Sources */,
			);
			runOnlyForDeploymentPostprocessing = 0;
		};
/* End PBXSourcesBuildPhase section */

/* Begin PBXVariantGroup section */
		A965B0DB24AE0A9500D1FDEF /* Main.storyboard */ = {
			isa = PBXVariantGroup;
			children = (
				A965B0DC24AE0A9500D1FDEF /* Base */,
			);
			name = Main.storyboard;
			sourceTree = "<group>";
		};
		A965B0E024AE0A9900D1FDEF /* LaunchScreen.storyboard */ = {
			isa = PBXVariantGroup;
			children = (
				A965B0E124AE0A9900D1FDEF /* Base */,
			);
			name = LaunchScreen.storyboard;
			sourceTree = "<group>";
		};
/* End PBXVariantGroup section */

/* Begin XCBuildConfiguration section */
		A965B0E424AE0A9900D1FDEF /* Debug */ = {
			isa = XCBuildConfiguration;
			buildSettings = {
				ALWAYS_SEARCH_USER_PATHS = NO;
				CLANG_ANALYZER_NONNULL = YES;
				CLANG_ANALYZER_NUMBER_OBJECT_CONVERSION = YES_AGGRESSIVE;
				CLANG_CXX_LANGUAGE_STANDARD = "gnu++14";
				CLANG_CXX_LIBRARY = "libc++";
				CLANG_ENABLE_MODULES = YES;
				CLANG_ENABLE_OBJC_ARC = YES;
				CLANG_ENABLE_OBJC_WEAK = YES;
				CLANG_WARN_BLOCK_CAPTURE_AUTORELEASING = YES;
				CLANG_WARN_BOOL_CONVERSION = YES;
				CLANG_WARN_COMMA = YES;
				CLANG_WARN_CONSTANT_CONVERSION = YES;
				CLANG_WARN_DEPRECATED_OBJC_IMPLEMENTATIONS = YES;
				CLANG_WARN_DIRECT_OBJC_ISA_USAGE = YES_ERROR;
				CLANG_WARN_DOCUMENTATION_COMMENTS = YES;
				CLANG_WARN_EMPTY_BODY = YES;
				CLANG_WARN_ENUM_CONVERSION = YES;
				CLANG_WARN_INFINITE_RECURSION = YES;
				CLANG_WARN_INT_CONVERSION = YES;
				CLANG_WARN_NON_LITERAL_NULL_CONVERSION = YES;
				CLANG_WARN_OBJC_IMPLICIT_RETAIN_SELF = YES;
				CLANG_WARN_OBJC_LITERAL_CONVERSION = YES;
				CLANG_WARN_OBJC_ROOT_CLASS = YES_ERROR;
				CLANG_WARN_RANGE_LOOP_ANALYSIS = YES;
				CLANG_WARN_STRICT_PROTOTYPES = YES;
				CLANG_WARN_SUSPICIOUS_MOVE = YES;
				CLANG_WARN_UNGUARDED_AVAILABILITY = YES_AGGRESSIVE;
				CLANG_WARN_UNREACHABLE_CODE = YES;
				CLANG_WARN__DUPLICATE_METHOD_MATCH = YES;
				COPY_PHASE_STRIP = NO;
				DEBUG_INFORMATION_FORMAT = dwarf;
				ENABLE_STRICT_OBJC_MSGSEND = YES;
				ENABLE_TESTABILITY = YES;
				GCC_C_LANGUAGE_STANDARD = gnu11;
				GCC_DYNAMIC_NO_PIC = NO;
				GCC_NO_COMMON_BLOCKS = YES;
				GCC_OPTIMIZATION_LEVEL = 0;
				GCC_PREPROCESSOR_DEFINITIONS = (
					"DEBUG=1",
					"$(inherited)",
				);
				GCC_WARN_64_TO_32_BIT_CONVERSION = YES;
				GCC_WARN_ABOUT_RETURN_TYPE = YES_ERROR;
				GCC_WARN_UNDECLARED_SELECTOR = YES;
				GCC_WARN_UNINITIALIZED_AUTOS = YES_AGGRESSIVE;
				GCC_WARN_UNUSED_FUNCTION = YES;
				GCC_WARN_UNUSED_VARIABLE = YES;
				IPHONEOS_DEPLOYMENT_TARGET = 13.5;
				MTL_ENABLE_DEBUG_INFO = INCLUDE_SOURCE;
				MTL_FAST_MATH = YES;
				ONLY_ACTIVE_ARCH = YES;
				SDKROOT = iphoneos;
				SWIFT_ACTIVE_COMPILATION_CONDITIONS = DEBUG;
				SWIFT_OPTIMIZATION_LEVEL = "-Onone";
			};
			name = Debug;
		};
		A965B0E524AE0A9900D1FDEF /* Release */ = {
			isa = XCBuildConfiguration;
			buildSettings = {
				ALWAYS_SEARCH_USER_PATHS = NO;
				CLANG_ANALYZER_NONNULL = YES;
				CLANG_ANALYZER_NUMBER_OBJECT_CONVERSION = YES_AGGRESSIVE;
				CLANG_CXX_LANGUAGE_STANDARD = "gnu++14";
				CLANG_CXX_LIBRARY = "libc++";
				CLANG_ENABLE_MODULES = YES;
				CLANG_ENABLE_OBJC_ARC = YES;
				CLANG_ENABLE_OBJC_WEAK = YES;
				CLANG_WARN_BLOCK_CAPTURE_AUTORELEASING = YES;
				CLANG_WARN_BOOL_CONVERSION = YES;
				CLANG_WARN_COMMA = YES;
				CLANG_WARN_CONSTANT_CONVERSION = YES;
				CLANG_WARN_DEPRECATED_OBJC_IMPLEMENTATIONS = YES;
				CLANG_WARN_DIRECT_OBJC_ISA_USAGE = YES_ERROR;
				CLANG_WARN_DOCUMENTATION_COMMENTS = YES;
				CLANG_WARN_EMPTY_BODY = YES;
				CLANG_WARN_ENUM_CONVERSION = YES;
				CLANG_WARN_INFINITE_RECURSION = YES;
				CLANG_WARN_INT_CONVERSION = YES;
				CLANG_WARN_NON_LITERAL_NULL_CONVERSION = YES;
				CLANG_WARN_OBJC_IMPLICIT_RETAIN_SELF = YES;
				CLANG_WARN_OBJC_LITERAL_CONVERSION = YES;
				CLANG_WARN_OBJC_ROOT_CLASS = YES_ERROR;
				CLANG_WARN_RANGE_LOOP_ANALYSIS = YES;
				CLANG_WARN_STRICT_PROTOTYPES = YES;
				CLANG_WARN_SUSPICIOUS_MOVE = YES;
				CLANG_WARN_UNGUARDED_AVAILABILITY = YES_AGGRESSIVE;
				CLANG_WARN_UNREACHABLE_CODE = YES;
				CLANG_WARN__DUPLICATE_METHOD_MATCH = YES;
				COPY_PHASE_STRIP = NO;
				DEBUG_INFORMATION_FORMAT = "dwarf-with-dsym";
				ENABLE_NS_ASSERTIONS = NO;
				ENABLE_STRICT_OBJC_MSGSEND = YES;
				GCC_C_LANGUAGE_STANDARD = gnu11;
				GCC_NO_COMMON_BLOCKS = YES;
				GCC_WARN_64_TO_32_BIT_CONVERSION = YES;
				GCC_WARN_ABOUT_RETURN_TYPE = YES_ERROR;
				GCC_WARN_UNDECLARED_SELECTOR = YES;
				GCC_WARN_UNINITIALIZED_AUTOS = YES_AGGRESSIVE;
				GCC_WARN_UNUSED_FUNCTION = YES;
				GCC_WARN_UNUSED_VARIABLE = YES;
				IPHONEOS_DEPLOYMENT_TARGET = 13.5;
				MTL_ENABLE_DEBUG_INFO = NO;
				MTL_FAST_MATH = YES;
				SDKROOT = iphoneos;
				SWIFT_COMPILATION_MODE = wholemodule;
				SWIFT_OPTIMIZATION_LEVEL = "-O";
				VALIDATE_PRODUCT = YES;
			};
			name = Release;
		};
		A965B0E724AE0A9900D1FDEF /* Debug */ = {
			isa = XCBuildConfiguration;
			buildSettings = {
				ASSETCATALOG_COMPILER_APPICON_NAME = AppIcon;
				CODE_SIGN_STYLE = Automatic;
				INFOPLIST_FILE = AlramClock/Info.plist;
				LD_RUNPATH_SEARCH_PATHS = (
					"$(inherited)",
					"@executable_path/Frameworks",
				);
				PRODUCT_BUNDLE_IDENTIFIER = "siyun-min.AlramClock";
				PRODUCT_NAME = "$(TARGET_NAME)";
				SWIFT_VERSION = 5.0;
				TARGETED_DEVICE_FAMILY = 1;
			};
			name = Debug;
		};
		A965B0E824AE0A9900D1FDEF /* Release */ = {
			isa = XCBuildConfiguration;
			buildSettings = {
				ASSETCATALOG_COMPILER_APPICON_NAME = AppIcon;
				CODE_SIGN_STYLE = Automatic;
				INFOPLIST_FILE = AlramClock/Info.plist;
				LD_RUNPATH_SEARCH_PATHS = (
					"$(inherited)",
					"@executable_path/Frameworks",
				);
				PRODUCT_BUNDLE_IDENTIFIER = "siyun-min.AlramClock";
				PRODUCT_NAME = "$(TARGET_NAME)";
				SWIFT_VERSION = 5.0;
				TARGETED_DEVICE_FAMILY = 1;
			};
			name = Release;
		};
/* End XCBuildConfiguration section */

/* Begin XCConfigurationList section */
		A965B0CD24AE0A9500D1FDEF /* Build configuration list for PBXProject "AlramClock" */ = {
			isa = XCConfigurationList;
			buildConfigurations = (
				A965B0E424AE0A9900D1FDEF /* Debug */,
				A965B0E524AE0A9900D1FDEF /* Release */,
			);
			defaultConfigurationIsVisible = 0;
			defaultConfigurationName = Release;
		};
		A965B0E624AE0A9900D1FDEF /* Build configuration list for PBXNativeTarget "AlramClock" */ = {
			isa = XCConfigurationList;
			buildConfigurations = (
				A965B0E724AE0A9900D1FDEF /* Debug */,
				A965B0E824AE0A9900D1FDEF /* Release */,
			);
			defaultConfigurationIsVisible = 0;
			defaultConfigurationName = Release;
		};
/* End XCConfigurationList section */
	};
	rootObject = A965B0CA24AE0A9500D1FDEF /* Project object */;
}
